
Microsoft Visual Studio Solution File, Format Version 12.00
# Visual Studio 2012
Project("{FAE04EC0-301F-11D3-BF4B-00C04F79EFBC}") = "Worker", "Worker\Worker.csproj", "{A408D62C-2961-4544-9C0E-4CE66ED204BB}"
EndProject
Project("{FAE04EC0-301F-11D3-BF4B-00C04F79EFBC}") = "WorkerTest", "WorkerTest\WorkerTest.csproj", "{330D4E44-EB6E-4C52-BFF1-618334DFD3F9}"
EndProject
Project("{FAE04EC0-301F-11D3-BF4B-00C04F79EFBC}") = "WindowsServiceWorkerHost", "WindowsServiceWorkerHost\WindowsServiceWorkerHost.csproj", "{7D4DB41B-85BB-47C0-8D86-4A657ADD882C}"
EndProject
Global
	GlobalSection(SolutionConfigurationPlatforms) = preSolution
		Debug|Any CPU = Debug|Any CPU
		Release|Any CPU = Release|Any CPU
	EndGlobalSection
	GlobalSection(ProjectConfigurationPlatforms) = postSolution
		{A408D62C-2961-4544-9C0E-4CE66ED204BB}.Debug|Any CPU.ActiveCfg = Debug|Any CPU
		{A408D62C-2961-4544-9C0E-4CE66ED204BB}.Debug|Any CPU.Build.0 = Debug|Any CPU
		{A408D62C-2961-4544-9C0E-4CE66ED204BB}.Release|Any CPU.ActiveCfg = Release|Any CPU
		{A408D62C-2961-4544-9C0E-4CE66ED204BB}.Release|Any CPU.Build.0 = Release|Any CPU
		{330D4E44-EB6E-4C52-BFF1-618334DFD3F9}.Debug|Any CPU.ActiveCfg = Debug|Any CPU
		{330D4E44-EB6E-4C52-BFF1-618334DFD3F9}.Debug|Any CPU.Build.0 = Debug|Any CPU
		{330D4E44-EB6E-4C52-BFF1-618334DFD3F9}.Release|Any CPU.ActiveCfg = Release|Any CPU
		{330D4E44-EB6E-4C52-BFF1-618334DFD3F9}.Release|Any CPU.Build.0 = Release|Any CPU
		{7D4DB41B-85BB-47C0-8D86-4A657ADD882C}.Debug|Any CPU.ActiveCfg = Debug|Any CPU
		{7D4DB41B-85BB-47C0-8D86-4A657ADD882C}.Debug|Any CPU.Build.0 = Debug|Any CPU
		{7D4DB41B-85BB-47C0-8D86-4A657ADD882C}.Release|Any CPU.ActiveCfg = Release|Any CPU
		{7D4DB41B-85BB-47C0-8D86-4A657ADD882C}.Release|Any CPU.Build.0 = Release|Any CPU
	EndGlobalSection
	GlobalSection(SolutionProperties) = preSolution
		HideSolutionNode = FALSE
	EndGlobalSection
EndGlobal
